
Microsoft Visual Studio Solution File, Format Version 12.00
# Visual Studio Version 17
VisualStudioVersion = 17.0.31903.59
MinimumVisualStudioVersion = 10.0.40219.1
Project("{2150E333-8FDC-42A3-9474-1A3956D46DE8}") = "src", "src", "{827E0CD3-B72D-47B6-A68D-7590B98EB39B}"
EndProject
Project("{FAE04EC0-301F-11D3-BF4B-00C04F79EFBC}") = "YarpEe.Domain", "src\YarpEe.Domain\YarpEe.Domain.csproj", "{277E0D97-6868-4C8B-99B3-A552C98D6BC4}"
EndProject
Project("{FAE04EC0-301F-11D3-BF4B-00C04F79EFBC}") = "YarpEe.Application", "src\YarpEe.Application\YarpEe.Application.csproj", "{4D6026F0-9FF5-4D08-9B5B-FE4B14B401B8}"
EndProject
Project("{FAE04EC0-301F-11D3-BF4B-00C04F79EFBC}") = "YarpEe.Adapters.Persistence.Postgres", "src\YarpEe.Adapters.Persistence.Postgres\YarpEe.Adapters.Persistence.Postgres.csproj", "{200AF620-7C7B-4180-B285-C3169AA32AC3}"
EndProject
Project("{FAE04EC0-301F-11D3-BF4B-00C04F79EFBC}") = "YarpEe.Adapters.Proxy.Yarp", "src\YarpEe.Adapters.Proxy.Yarp\YarpEe.Adapters.Proxy.Yarp.csproj", "{E0E78694-1460-4617-8D0A-57B46FC310A3}"
EndProject
Project("{FAE04EC0-301F-11D3-BF4B-00C04F79EFBC}") = "YarpEe.WebApi", "src\YarpEe.WebApi\YarpEe.WebApi.csproj", "{B3941958-AD49-4B5B-842F-CEB10A56C0D5}"
EndProject
Project("{FAE04EC0-301F-11D3-BF4B-00C04F79EFBC}") = "YarpEe.Application.Tests", "src\YarpEe.Application.Tests\YarpEe.Application.Tests.csproj", "{61688BF8-F311-44E2-B7E7-E4AAAE7CBA5C}"
EndProject
Global
	GlobalSection(SolutionConfigurationPlatforms) = preSolution
		Debug|Any CPU = Debug|Any CPU
		Debug|x64 = Debug|x64
		Debug|x86 = Debug|x86
		Release|Any CPU = Release|Any CPU
		Release|x64 = Release|x64
		Release|x86 = Release|x86
	EndGlobalSection
	GlobalSection(ProjectConfigurationPlatforms) = postSolution
		{277E0D97-6868-4C8B-99B3-A552C98D6BC4}.Debug|Any CPU.ActiveCfg = Debug|Any CPU
		{277E0D97-6868-4C8B-99B3-A552C98D6BC4}.Debug|Any CPU.Build.0 = Debug|Any CPU
		{277E0D97-6868-4C8B-99B3-A552C98D6BC4}.Debug|x64.ActiveCfg = Debug|Any CPU
		{277E0D97-6868-4C8B-99B3-A552C98D6BC4}.Debug|x64.Build.0 = Debug|Any CPU
		{277E0D97-6868-4C8B-99B3-A552C98D6BC4}.Debug|x86.ActiveCfg = Debug|Any CPU
		{277E0D97-6868-4C8B-99B3-A552C98D6BC4}.Debug|x86.Build.0 = Debug|Any CPU
		{277E0D97-6868-4C8B-99B3-A552C98D6BC4}.Release|Any CPU.ActiveCfg = Release|Any CPU
		{277E0D97-6868-4C8B-99B3-A552C98D6BC4}.Release|Any CPU.Build.0 = Release|Any CPU
		{277E0D97-6868-4C8B-99B3-A552C98D6BC4}.Release|x64.ActiveCfg = Release|Any CPU
		{277E0D97-6868-4C8B-99B3-A552C98D6BC4}.Release|x64.Build.0 = Release|Any CPU
		{277E0D97-6868-4C8B-99B3-A552C98D6BC4}.Release|x86.ActiveCfg = Release|Any CPU
		{277E0D97-6868-4C8B-99B3-A552C98D6BC4}.Release|x86.Build.0 = Release|Any CPU
		{4D6026F0-9FF5-4D08-9B5B-FE4B14B401B8}.Debug|Any CPU.ActiveCfg = Debug|Any CPU
		{4D6026F0-9FF5-4D08-9B5B-FE4B14B401B8}.Debug|Any CPU.Build.0 = Debug|Any CPU
		{4D6026F0-9FF5-4D08-9B5B-FE4B14B401B8}.Debug|x64.ActiveCfg = Debug|Any CPU
		{4D6026F0-9FF5-4D08-9B5B-FE4B14B401B8}.Debug|x64.Build.0 = Debug|Any CPU
		{4D6026F0-9FF5-4D08-9B5B-FE4B14B401B8}.Debug|x86.ActiveCfg = Debug|Any CPU
		{4D6026F0-9FF5-4D08-9B5B-FE4B14B401B8}.Debug|x86.Build.0 = Debug|Any CPU
		{4D6026F0-9FF5-4D08-9B5B-FE4B14B401B8}.Release|Any CPU.ActiveCfg = Release|Any CPU
		{4D6026F0-9FF5-4D08-9B5B-FE4B14B401B8}.Release|Any CPU.Build.0 = Release|Any CPU
		{4D6026F0-9FF5-4D08-9B5B-FE4B14B401B8}.Release|x64.ActiveCfg = Release|Any CPU
		{4D6026F0-9FF5-4D08-9B5B-FE4B14B401B8}.Release|x64.Build.0 = Release|Any CPU
		{4D6026F0-9FF5-4D08-9B5B-FE4B14B401B8}.Release|x86.ActiveCfg = Release|Any CPU
		{4D6026F0-9FF5-4D08-9B5B-FE4B14B401B8}.Release|x86.Build.0 = Release|Any CPU
		{200AF620-7C7B-4180-B285-C3169AA32AC3}.Debug|Any CPU.ActiveCfg = Debug|Any CPU
		{200AF620-7C7B-4180-B285-C3169AA32AC3}.Debug|Any CPU.Build.0 = Debug|Any CPU
		{200AF620-7C7B-4180-B285-C3169AA32AC3}.Debug|x64.ActiveCfg = Debug|Any CPU
		{200AF620-7C7B-4180-B285-C3169AA32AC3}.Debug|x64.Build.0 = Debug|Any CPU
		{200AF620-7C7B-4180-B285-C3169AA32AC3}.Debug|x86.ActiveCfg = Debug|Any CPU
		{200AF620-7C7B-4180-B285-C3169AA32AC3}.Debug|x86.Build.0 = Debug|Any CPU
		{200AF620-7C7B-4180-B285-C3169AA32AC3}.Release|Any CPU.ActiveCfg = Release|Any CPU
		{200AF620-7C7B-4180-B285-C3169AA32AC3}.Release|Any CPU.Build.0 = Release|Any CPU
		{200AF620-7C7B-4180-B285-C3169AA32AC3}.Release|x64.ActiveCfg = Release|Any CPU
		{200AF620-7C7B-4180-B285-C3169AA32AC3}.Release|x64.Build.0 = Release|Any CPU
		{200AF620-7C7B-4180-B285-C3169AA32AC3}.Release|x86.ActiveCfg = Release|Any CPU
		{200AF620-7C7B-4180-B285-C3169AA32AC3}.Release|x86.Build.0 = Release|Any CPU
		{E0E78694-1460-4617-8D0A-57B46FC310A3}.Debug|Any CPU.ActiveCfg = Debug|Any CPU
		{E0E78694-1460-4617-8D0A-57B46FC310A3}.Debug|Any CPU.Build.0 = Debug|Any CPU
		{E0E78694-1460-4617-8D0A-57B46FC310A3}.Debug|x64.ActiveCfg = Debug|Any CPU
		{E0E78694-1460-4617-8D0A-57B46FC310A3}.Debug|x64.Build.0 = Debug|Any CPU
		{E0E78694-1460-4617-8D0A-57B46FC310A3}.Debug|x86.ActiveCfg = Debug|Any CPU
		{E0E78694-1460-4617-8D0A-57B46FC310A3}.Debug|x86.Build.0 = Debug|Any CPU
		{E0E78694-1460-4617-8D0A-57B46FC310A3}.Release|Any CPU.ActiveCfg = Release|Any CPU
		{E0E78694-1460-4617-8D0A-57B46FC310A3}.Release|Any CPU.Build.0 = Release|Any CPU
		{E0E78694-1460-4617-8D0A-57B46FC310A3}.Release|x64.ActiveCfg = Release|Any CPU
		{E0E78694-1460-4617-8D0A-57B46FC310A3}.Release|x64.Build.0 = Release|Any CPU
		{E0E78694-1460-4617-8D0A-57B46FC310A3}.Release|x86.ActiveCfg = Release|Any CPU
		{E0E78694-1460-4617-8D0A-57B46FC310A3}.Release|x86.Build.0 = Release|Any CPU
		{B3941958-AD49-4B5B-842F-CEB10A56C0D5}.Debug|Any CPU.ActiveCfg = Debug|Any CPU
		{B3941958-AD49-4B5B-842F-CEB10A56C0D5}.Debug|Any CPU.Build.0 = Debug|Any CPU
		{B3941958-AD49-4B5B-842F-CEB10A56C0D5}.Debug|x64.ActiveCfg = Debug|Any CPU
		{B3941958-AD49-4B5B-842F-CEB10A56C0D5}.Debug|x64.Build.0 = Debug|Any CPU
		{B3941958-AD49-4B5B-842F-CEB10A56C0D5}.Debug|x86.ActiveCfg = Debug|Any CPU
		{B3941958-AD49-4B5B-842F-CEB10A56C0D5}.Debug|x86.Build.0 = Debug|Any CPU
		{B3941958-AD49-4B5B-842F-CEB10A56C0D5}.Release|Any CPU.ActiveCfg = Release|Any CPU
		{B3941958-AD49-4B5B-842F-CEB10A56C0D5}.Release|Any CPU.Build.0 = Release|Any CPU
		{B3941958-AD49-4B5B-842F-CEB10A56C0D5}.Release|x64.ActiveCfg = Release|Any CPU
		{B3941958-AD49-4B5B-842F-CEB10A56C0D5}.Release|x64.Build.0 = Release|Any CPU
		{B3941958-AD49-4B5B-842F-CEB10A56C0D5}.Release|x86.ActiveCfg = Release|Any CPU
		{B3941958-AD49-4B5B-842F-CEB10A56C0D5}.Release|x86.Build.0 = Release|Any CPU
		{61688BF8-F311-44E2-B7E7-E4AAAE7CBA5C}.Debug|Any CPU.ActiveCfg = Debug|Any CPU
		{61688BF8-F311-44E2-B7E7-E4AAAE7CBA5C}.Debug|Any CPU.Build.0 = Debug|Any CPU
		{61688BF8-F311-44E2-B7E7-E4AAAE7CBA5C}.Debug|x64.ActiveCfg = Debug|Any CPU
		{61688BF8-F311-44E2-B7E7-E4AAAE7CBA5C}.Debug|x64.Build.0 = Debug|Any CPU
		{61688BF8-F311-44E2-B7E7-E4AAAE7CBA5C}.Debug|x86.ActiveCfg = Debug|Any CPU
		{61688BF8-F311-44E2-B7E7-E4AAAE7CBA5C}.Debug|x86.Build.0 = Debug|Any CPU
		{61688BF8-F311-44E2-B7E7-E4AAAE7CBA5C}.Release|Any CPU.ActiveCfg = Release|Any CPU
		{61688BF8-F311-44E2-B7E7-E4AAAE7CBA5C}.Release|Any CPU.Build.0 = Release|Any CPU
		{61688BF8-F311-44E2-B7E7-E4AAAE7CBA5C}.Release|x64.ActiveCfg = Release|Any CPU
		{61688BF8-F311-44E2-B7E7-E4AAAE7CBA5C}.Release|x64.Build.0 = Release|Any CPU
		{61688BF8-F311-44E2-B7E7-E4AAAE7CBA5C}.Release|x86.ActiveCfg = Release|Any CPU
		{61688BF8-F311-44E2-B7E7-E4AAAE7CBA5C}.Release|x86.Build.0 = Release|Any CPU
	EndGlobalSection
	GlobalSection(SolutionProperties) = preSolution
		HideSolutionNode = FALSE
	EndGlobalSection
	GlobalSection(NestedProjects) = preSolution
		{277E0D97-6868-4C8B-99B3-A552C98D6BC4} = {827E0CD3-B72D-47B6-A68D-7590B98EB39B}
		{4D6026F0-9FF5-4D08-9B5B-FE4B14B401B8} = {827E0CD3-B72D-47B6-A68D-7590B98EB39B}
		{200AF620-7C7B-4180-B285-C3169AA32AC3} = {827E0CD3-B72D-47B6-A68D-7590B98EB39B}
		{E0E78694-1460-4617-8D0A-57B46FC310A3} = {827E0CD3-B72D-47B6-A68D-7590B98EB39B}
		{B3941958-AD49-4B5B-842F-CEB10A56C0D5} = {827E0CD3-B72D-47B6-A68D-7590B98EB39B}
		{61688BF8-F311-44E2-B7E7-E4AAAE7CBA5C} = {827E0CD3-B72D-47B6-A68D-7590B98EB39B}
	EndGlobalSection
EndGlobal
